
Microsoft Visual Studio Solution File, Format Version 11.00
# Visual Studio 2010
Project("{F184B08F-C81C-45F6-A57F-5ABD9991F28F}") = "WaWPatcher-R3", "WaWPatcher-R3\WaWPatcher-R3.vbproj", "{F903EFA3-803D-4C3B-9F78-8D36A6864B3B}"
EndProject
Global
	GlobalSection(SolutionConfigurationPlatforms) = preSolution
		Debug|Any CPU = Debug|Any CPU
		Release|Any CPU = Release|Any CPU
	EndGlobalSection
	GlobalSection(ProjectConfigurationPlatforms) = postSolution
		{F903EFA3-803D-4C3B-9F78-8D36A6864B3B}.Debug|Any CPU.ActiveCfg = Debug|Any CPU
		{F903EFA3-803D-4C3B-9F78-8D36A6864B3B}.Debug|Any CPU.Build.0 = Debug|Any CPU
		{F903EFA3-803D-4C3B-9F78-8D36A6864B3B}.Release|Any CPU.ActiveCfg = Release|Any CPU
		{F903EFA3-803D-4C3B-9F78-8D36A6864B3B}.Release|Any CPU.Build.0 = Release|Any CPU
	EndGlobalSection
	GlobalSection(SolutionProperties) = preSolution
		HideSolutionNode = FALSE
	EndGlobalSection
EndGlobal
